// !$*UTF8*$!
{
	archiveVersion = 1;
	classes = {
	};
	objectVersion = 56;
	objects = {

/* Begin PBXBuildFile section */
		3743550129B8C94100F6F6C9 /* AppDelegate.swift in Sources */ = {isa = PBXBuildFile; fileRef = 3743550029B8C94100F6F6C9 /* AppDelegate.swift */; };
		3743550329B8C94100F6F6C9 /* SceneDelegate.swift in Sources */ = {isa = PBXBuildFile; fileRef = 3743550229B8C94100F6F6C9 /* SceneDelegate.swift */; };
		3743550529B8C94100F6F6C9 /* MessageViewController.swift in Sources */ = {isa = PBXBuildFile; fileRef = 3743550429B8C94100F6F6C9 /* MessageViewController.swift */; };
		3743550829B8C94100F6F6C9 /* Main.storyboard in Resources */ = {isa = PBXBuildFile; fileRef = 3743550629B8C94100F6F6C9 /* Main.storyboard */; };
		3743550A29B8C94200F6F6C9 /* Assets.xcassets in Resources */ = {isa = PBXBuildFile; fileRef = 3743550929B8C94200F6F6C9 /* Assets.xcassets */; };
		3743550D29B8C94200F6F6C9 /* LaunchScreen.storyboard in Resources */ = {isa = PBXBuildFile; fileRef = 3743550B29B8C94200F6F6C9 /* LaunchScreen.storyboard */; };
		3743551529B8C97500F6F6C9 /* MessageViewModel.swift in Sources */ = {isa = PBXBuildFile; fileRef = 3743551429B8C97500F6F6C9 /* MessageViewModel.swift */; };
		3743551729B8C97F00F6F6C9 /* MessageStorage.swift in Sources */ = {isa = PBXBuildFile; fileRef = 3743551629B8C97F00F6F6C9 /* MessageStorage.swift */; };
		3743551B29B8C9A800F6F6C9 /* Message.swift in Sources */ = {isa = PBXBuildFile; fileRef = 3743551A29B8C9A800F6F6C9 /* Message.swift */; };
		3743551E29B8CA1F00F6F6C9 /* messages_mock.json in Resources */ = {isa = PBXBuildFile; fileRef = 3743551D29B8CA1F00F6F6C9 /* messages_mock.json */; };
		3743552729B8CC3700F6F6C9 /* Observable.swift in Sources */ = {isa = PBXBuildFile; fileRef = 3743552629B8CC3700F6F6C9 /* Observable.swift */; };
		3743552929B8CC4D00F6F6C9 /* Event.swift in Sources */ = {isa = PBXBuildFile; fileRef = 3743552829B8CC4D00F6F6C9 /* Event.swift */; };
		3743552B29B8CC7B00F6F6C9 /* Weak.swift in Sources */ = {isa = PBXBuildFile; fileRef = 3743552A29B8CC7B00F6F6C9 /* Weak.swift */; };
		3743552E29B8CE4100F6F6C9 /* MessageCell.swift in Sources */ = {isa = PBXBuildFile; fileRef = 3743552D29B8CE4100F6F6C9 /* MessageCell.swift */; };
		3743553029B8CE4900F6F6C9 /* MessageCell.xib in Resources */ = {isa = PBXBuildFile; fileRef = 3743552F29B8CE4900F6F6C9 /* MessageCell.xib */; };
		3743553329B8CE8D00F6F6C9 /* CellHelpers.swift in Sources */ = {isa = PBXBuildFile; fileRef = 3743553229B8CE8D00F6F6C9 /* CellHelpers.swift */; };
/* End PBXBuildFile section */

/* Begin PBXFileReference section */
		374354FD29B8C94100F6F6C9 /* MessageController.app */ = {isa = PBXFileReference; explicitFileType = wrapper.application; includeInIndex = 0; path = MessageController.app; sourceTree = BUILT_PRODUCTS_DIR; };
		3743550029B8C94100F6F6C9 /* AppDelegate.swift */ = {isa = PBXFileReference; lastKnownFileType = sourcecode.swift; path = AppDelegate.swift; sourceTree = "<group>"; };
		3743550229B8C94100F6F6C9 /* SceneDelegate.swift */ = {isa = PBXFileReference; lastKnownFileType = sourcecode.swift; path = SceneDelegate.swift; sourceTree = "<group>"; };
		3743550429B8C94100F6F6C9 /* MessageViewController.swift */ = {isa = PBXFileReference; lastKnownFileType = sourcecode.swift; path = MessageViewController.swift; sourceTree = "<group>"; };
		3743550729B8C94100F6F6C9 /* Base */ = {isa = PBXFileReference; lastKnownFileType = file.storyboard; name = Base; path = Base.lproj/Main.storyboard; sourceTree = "<group>"; };
		3743550929B8C94200F6F6C9 /* Assets.xcassets */ = {isa = PBXFileReference; lastKnownFileType = folder.assetcatalog; path = Assets.xcassets; sourceTree = "<group>"; };
		3743550C29B8C94200F6F6C9 /* Base */ = {isa = PBXFileReference; lastKnownFileType = file.storyboard; name = Base; path = Base.lproj/LaunchScreen.storyboard; sourceTree = "<group>"; };
		3743550E29B8C94200F6F6C9 /* Info.plist */ = {isa = PBXFileReference; lastKnownFileType = text.plist.xml; path = Info.plist; sourceTree = "<group>"; };
		3743551429B8C97500F6F6C9 /* MessageViewModel.swift */ = {isa = PBXFileReference; lastKnownFileType = sourcecode.swift; path = MessageViewModel.swift; sourceTree = "<group>"; };
		3743551629B8C97F00F6F6C9 /* MessageStorage.swift */ = {isa = PBXFileReference; lastKnownFileType = sourcecode.swift; path = MessageStorage.swift; sourceTree = "<group>"; };
		3743551A29B8C9A800F6F6C9 /* Message.swift */ = {isa = PBXFileReference; lastKnownFileType = sourcecode.swift; path = Message.swift; sourceTree = "<group>"; };
		3743551D29B8CA1F00F6F6C9 /* messages_mock.json */ = {isa = PBXFileReference; lastKnownFileType = text.json; path = messages_mock.json; sourceTree = "<group>"; };
		3743552629B8CC3700F6F6C9 /* Observable.swift */ = {isa = PBXFileReference; lastKnownFileType = sourcecode.swift; path = Observable.swift; sourceTree = "<group>"; };
		3743552829B8CC4D00F6F6C9 /* Event.swift */ = {isa = PBXFileReference; lastKnownFileType = sourcecode.swift; path = Event.swift; sourceTree = "<group>"; };
		3743552A29B8CC7B00F6F6C9 /* Weak.swift */ = {isa = PBXFileReference; lastKnownFileType = sourcecode.swift; path = Weak.swift; sourceTree = "<group>"; };
		3743552D29B8CE4100F6F6C9 /* MessageCell.swift */ = {isa = PBXFileReference; lastKnownFileType = sourcecode.swift; path = MessageCell.swift; sourceTree = "<group>"; };
		3743552F29B8CE4900F6F6C9 /* MessageCell.xib */ = {isa = PBXFileReference; lastKnownFileType = file.xib; path = MessageCell.xib; sourceTree = "<group>"; };
		3743553229B8CE8D00F6F6C9 /* CellHelpers.swift */ = {isa = PBXFileReference; lastKnownFileType = sourcecode.swift; path = CellHelpers.swift; sourceTree = "<group>"; };
/* End PBXFileReference section */

/* Begin PBXFrameworksBuildPhase section */
		374354FA29B8C94100F6F6C9 /* Frameworks */ = {
			isa = PBXFrameworksBuildPhase;
			buildActionMask = 2147483647;
			files = (
			);
			runOnlyForDeploymentPostprocessing = 0;
		};
/* End PBXFrameworksBuildPhase section */

/* Begin PBXGroup section */
		374354F429B8C94100F6F6C9 = {
			isa = PBXGroup;
			children = (
				374354FF29B8C94100F6F6C9 /* MessageController */,
				374354FE29B8C94100F6F6C9 /* Products */,
			);
			sourceTree = "<group>";
		};
		374354FE29B8C94100F6F6C9 /* Products */ = {
			isa = PBXGroup;
			children = (
				374354FD29B8C94100F6F6C9 /* MessageController.app */,
			);
			name = Products;
			sourceTree = "<group>";
		};
		374354FF29B8C94100F6F6C9 /* MessageController */ = {
			isa = PBXGroup;
			children = (
				3743553129B8CE7600F6F6C9 /* Extensions */,
				3743552329B8CBFC00F6F6C9 /* Observable */,
				3743550029B8C94100F6F6C9 /* AppDelegate.swift */,
				3743550229B8C94100F6F6C9 /* SceneDelegate.swift */,
				3743551829B8C98900F6F6C9 /* Model */,
				3743551929B8C99100F6F6C9 /* Sources */,
				3743551629B8C97F00F6F6C9 /* MessageStorage.swift */,
				3743550629B8C94100F6F6C9 /* Main.storyboard */,
				3743550929B8C94200F6F6C9 /* Assets.xcassets */,
				3743551C29B8C9F700F6F6C9 /* Mock */,
				3743550B29B8C94200F6F6C9 /* LaunchScreen.storyboard */,
				3743550E29B8C94200F6F6C9 /* Info.plist */,
			);
			path = MessageController;
			sourceTree = "<group>";
		};
		3743551829B8C98900F6F6C9 /* Model */ = {
			isa = PBXGroup;
			children = (
				3743551A29B8C9A800F6F6C9 /* Message.swift */,
			);
			path = Model;
			sourceTree = "<group>";
		};
		3743551929B8C99100F6F6C9 /* Sources */ = {
			isa = PBXGroup;
			children = (
				3743552C29B8CE3200F6F6C9 /* Components */,
				3743550429B8C94100F6F6C9 /* MessageViewController.swift */,
				3743551429B8C97500F6F6C9 /* MessageViewModel.swift */,
			);
			path = Sources;
			sourceTree = "<group>";
		};
		3743551C29B8C9F700F6F6C9 /* Mock */ = {
			isa = PBXGroup;
			children = (
				3743551D29B8CA1F00F6F6C9 /* messages_mock.json */,
			);
			path = Mock;
			sourceTree = "<group>";
		};
		3743552329B8CBFC00F6F6C9 /* Observable */ = {
			isa = PBXGroup;
			children = (
				3743552629B8CC3700F6F6C9 /* Observable.swift */,
				3743552829B8CC4D00F6F6C9 /* Event.swift */,
				3743552A29B8CC7B00F6F6C9 /* Weak.swift */,
			);
			path = Observable;
			sourceTree = "<group>";
		};
		3743552C29B8CE3200F6F6C9 /* Components */ = {
			isa = PBXGroup;
			children = (
				3743552D29B8CE4100F6F6C9 /* MessageCell.swift */,
				3743552F29B8CE4900F6F6C9 /* MessageCell.xib */,
			);
			path = Components;
			sourceTree = "<group>";
		};
		3743553129B8CE7600F6F6C9 /* Extensions */ = {
			isa = PBXGroup;
			children = (
				3743553229B8CE8D00F6F6C9 /* CellHelpers.swift */,
			);
			path = Extensions;
			sourceTree = "<group>";
		};
/* End PBXGroup section */

/* Begin PBXNativeTarget section */
		374354FC29B8C94100F6F6C9 /* MessageController */ = {
			isa = PBXNativeTarget;
			buildConfigurationList = 3743551129B8C94200F6F6C9 /* Build configuration list for PBXNativeTarget "MessageController" */;
			buildPhases = (
				374354F929B8C94100F6F6C9 /* Sources */,
				374354FA29B8C94100F6F6C9 /* Frameworks */,
				374354FB29B8C94100F6F6C9 /* Resources */,
			);
			buildRules = (
			);
			dependencies = (
			);
			name = MessageController;
			productName = MessageController;
			productReference = 374354FD29B8C94100F6F6C9 /* MessageController.app */;
			productType = "com.apple.product-type.application";
		};
/* End PBXNativeTarget section */

/* Begin PBXProject section */
		374354F529B8C94100F6F6C9 /* Project object */ = {
			isa = PBXProject;
			attributes = {
				BuildIndependentTargetsInParallel = 1;
				LastSwiftUpdateCheck = 1420;
				LastUpgradeCheck = 1420;
				TargetAttributes = {
					374354FC29B8C94100F6F6C9 = {
						CreatedOnToolsVersion = 14.2;
					};
				};
			};
			buildConfigurationList = 374354F829B8C94100F6F6C9 /* Build configuration list for PBXProject "MessageController" */;
			compatibilityVersion = "Xcode 14.0";
			developmentRegion = en;
			hasScannedForEncodings = 0;
			knownRegions = (
				en,
				Base,
			);
			mainGroup = 374354F429B8C94100F6F6C9;
			productRefGroup = 374354FE29B8C94100F6F6C9 /* Products */;
			projectDirPath = "";
			projectRoot = "";
			targets = (
				374354FC29B8C94100F6F6C9 /* MessageController */,
			);
		};
/* End PBXProject section */

/* Begin PBXResourcesBuildPhase section */
		374354FB29B8C94100F6F6C9 /* Resources */ = {
			isa = PBXResourcesBuildPhase;
			buildActionMask = 2147483647;
			files = (
				3743550D29B8C94200F6F6C9 /* LaunchScreen.storyboard in Resources */,
				3743553029B8CE4900F6F6C9 /* MessageCell.xib in Resources */,
				3743550A29B8C94200F6F6C9 /* Assets.xcassets in Resources */,
				3743550829B8C94100F6F6C9 /* Main.storyboard in Resources */,
				3743551E29B8CA1F00F6F6C9 /* messages_mock.json in Resources */,
			);
			runOnlyForDeploymentPostprocessing = 0;
		};
/* End PBXResourcesBuildPhase section */

/* Begin PBXSourcesBuildPhase section */
		374354F929B8C94100F6F6C9 /* Sources */ = {
			isa = PBXSourcesBuildPhase;
			buildActionMask = 2147483647;
			files = (
				3743552929B8CC4D00F6F6C9 /* Event.swift in Sources */,
				3743552E29B8CE4100F6F6C9 /* MessageCell.swift in Sources */,
				3743550529B8C94100F6F6C9 /* MessageViewController.swift in Sources */,
				3743551729B8C97F00F6F6C9 /* MessageStorage.swift in Sources */,
				3743550129B8C94100F6F6C9 /* AppDelegate.swift in Sources */,
				3743552729B8CC3700F6F6C9 /* Observable.swift in Sources */,
				3743552B29B8CC7B00F6F6C9 /* Weak.swift in Sources */,
				3743553329B8CE8D00F6F6C9 /* CellHelpers.swift in Sources */,
				3743551B29B8C9A800F6F6C9 /* Message.swift in Sources */,
				3743551529B8C97500F6F6C9 /* MessageViewModel.swift in Sources */,
				3743550329B8C94100F6F6C9 /* SceneDelegate.swift in Sources */,
			);
			runOnlyForDeploymentPostprocessing = 0;
		};
/* End PBXSourcesBuildPhase section */

/* Begin PBXVariantGroup section */
		3743550629B8C94100F6F6C9 /* Main.storyboard */ = {
			isa = PBXVariantGroup;
			children = (
				3743550729B8C94100F6F6C9 /* Base */,
			);
			name = Main.storyboard;
			sourceTree = "<group>";
		};
		3743550B29B8C94200F6F6C9 /* LaunchScreen.storyboard */ = {
			isa = PBXVariantGroup;
			children = (
				3743550C29B8C94200F6F6C9 /* Base */,
			);
			name = LaunchScreen.storyboard;
			sourceTree = "<group>";
		};
/* End PBXVariantGroup section */

/* Begin XCBuildConfiguration section */
		3743550F29B8C94200F6F6C9 /* Debug */ = {
			isa = XCBuildConfiguration;
			buildSettings = {
				ALWAYS_SEARCH_USER_PATHS = NO;
				CLANG_ANALYZER_NONNULL = YES;
				CLANG_ANALYZER_NUMBER_OBJECT_CONVERSION = YES_AGGRESSIVE;
				CLANG_CXX_LANGUAGE_STANDARD = "gnu++20";
				CLANG_ENABLE_MODULES = YES;
				CLANG_ENABLE_OBJC_ARC = YES;
				CLANG_ENABLE_OBJC_WEAK = YES;
				CLANG_WARN_BLOCK_CAPTURE_AUTORELEASING = YES;
				CLANG_WARN_BOOL_CONVERSION = YES;
				CLANG_WARN_COMMA = YES;
				CLANG_WARN_CONSTANT_CONVERSION = YES;
				CLANG_WARN_DEPRECATED_OBJC_IMPLEMENTATIONS = YES;
				CLANG_WARN_DIRECT_OBJC_ISA_USAGE = YES_ERROR;
				CLANG_WARN_DOCUMENTATION_COMMENTS = YES;
				CLANG_WARN_EMPTY_BODY = YES;
				CLANG_WARN_ENUM_CONVERSION = YES;
				CLANG_WARN_INFINITE_RECURSION = YES;
				CLANG_WARN_INT_CONVERSION = YES;
				CLANG_WARN_NON_LITERAL_NULL_CONVERSION = YES;
				CLANG_WARN_OBJC_IMPLICIT_RETAIN_SELF = YES;
				CLANG_WARN_OBJC_LITERAL_CONVERSION = YES;
				CLANG_WARN_OBJC_ROOT_CLASS = YES_ERROR;
				CLANG_WARN_QUOTED_INCLUDE_IN_FRAMEWORK_HEADER = YES;
				CLANG_WARN_RANGE_LOOP_ANALYSIS = YES;
				CLANG_WARN_STRICT_PROTOTYPES = YES;
				CLANG_WARN_SUSPICIOUS_MOVE = YES;
				CLANG_WARN_UNGUARDED_AVAILABILITY = YES_AGGRESSIVE;
				CLANG_WARN_UNREACHABLE_CODE = YES;
				CLANG_WARN__DUPLICATE_METHOD_MATCH = YES;
				COPY_PHASE_STRIP = NO;
				DEBUG_INFORMATION_FORMAT = dwarf;
				ENABLE_STRICT_OBJC_MSGSEND = YES;
				ENABLE_TESTABILITY = YES;
				GCC_C_LANGUAGE_STANDARD = gnu11;
				GCC_DYNAMIC_NO_PIC = NO;
				GCC_NO_COMMON_BLOCKS = YES;
				GCC_OPTIMIZATION_LEVEL = 0;
				GCC_PREPROCESSOR_DEFINITIONS = (
					"DEBUG=1",
					"$(inherited)",
				);
				GCC_WARN_64_TO_32_BIT_CONVERSION = YES;
				GCC_WARN_ABOUT_RETURN_TYPE = YES_ERROR;
				GCC_WARN_UNDECLARED_SELECTOR = YES;
				GCC_WARN_UNINITIALIZED_AUTOS = YES_AGGRESSIVE;
				GCC_WARN_UNUSED_FUNCTION = YES;
				GCC_WARN_UNUSED_VARIABLE = YES;
				IPHONEOS_DEPLOYMENT_TARGET = 16.2;
				MTL_ENABLE_DEBUG_INFO = INCLUDE_SOURCE;
				MTL_FAST_MATH = YES;
				ONLY_ACTIVE_ARCH = YES;
				SDKROOT = iphoneos;
				SWIFT_ACTIVE_COMPILATION_CONDITIONS = DEBUG;
				SWIFT_OPTIMIZATION_LEVEL = "-Onone";
			};
			name = Debug;
		};
		3743551029B8C94200F6F6C9 /* Release */ = {
			isa = XCBuildConfiguration;
			buildSettings = {
				ALWAYS_SEARCH_USER_PATHS = NO;
				CLANG_ANALYZER_NONNULL = YES;
				CLANG_ANALYZER_NUMBER_OBJECT_CONVERSION = YES_AGGRESSIVE;
				CLANG_CXX_LANGUAGE_STANDARD = "gnu++20";
				CLANG_ENABLE_MODULES = YES;
				CLANG_ENABLE_OBJC_ARC = YES;
				CLANG_ENABLE_OBJC_WEAK = YES;
				CLANG_WARN_BLOCK_CAPTURE_AUTORELEASING = YES;
				CLANG_WARN_BOOL_CONVERSION = YES;
				CLANG_WARN_COMMA = YES;
				CLANG_WARN_CONSTANT_CONVERSION = YES;
				CLANG_WARN_DEPRECATED_OBJC_IMPLEMENTATIONS = YES;
				CLANG_WARN_DIRECT_OBJC_ISA_USAGE = YES_ERROR;
				CLANG_WARN_DOCUMENTATION_COMMENTS = YES;
				CLANG_WARN_EMPTY_BODY = YES;
				CLANG_WARN_ENUM_CONVERSION = YES;
				CLANG_WARN_INFINITE_RECURSION = YES;
				CLANG_WARN_INT_CONVERSION = YES;
				CLANG_WARN_NON_LITERAL_NULL_CONVERSION = YES;
				CLANG_WARN_OBJC_IMPLICIT_RETAIN_SELF = YES;
				CLANG_WARN_OBJC_LITERAL_CONVERSION = YES;
				CLANG_WARN_OBJC_ROOT_CLASS = YES_ERROR;
				CLANG_WARN_QUOTED_INCLUDE_IN_FRAMEWORK_HEADER = YES;
				CLANG_WARN_RANGE_LOOP_ANALYSIS = YES;
				CLANG_WARN_STRICT_PROTOTYPES = YES;
				CLANG_WARN_SUSPICIOUS_MOVE = YES;
				CLANG_WARN_UNGUARDED_AVAILABILITY = YES_AGGRESSIVE;
				CLANG_WARN_UNREACHABLE_CODE = YES;
				CLANG_WARN__DUPLICATE_METHOD_MATCH = YES;
				COPY_PHASE_STRIP = NO;
				DEBUG_INFORMATION_FORMAT = "dwarf-with-dsym";
				ENABLE_NS_ASSERTIONS = NO;
				ENABLE_STRICT_OBJC_MSGSEND = YES;
				GCC_C_LANGUAGE_STANDARD = gnu11;
				GCC_NO_COMMON_BLOCKS = YES;
				GCC_WARN_64_TO_32_BIT_CONVERSION = YES;
				GCC_WARN_ABOUT_RETURN_TYPE = YES_ERROR;
				GCC_WARN_UNDECLARED_SELECTOR = YES;
				GCC_WARN_UNINITIALIZED_AUTOS = YES_AGGRESSIVE;
				GCC_WARN_UNUSED_FUNCTION = YES;
				GCC_WARN_UNUSED_VARIABLE = YES;
				IPHONEOS_DEPLOYMENT_TARGET = 16.2;
				MTL_ENABLE_DEBUG_INFO = NO;
				MTL_FAST_MATH = YES;
				SDKROOT = iphoneos;
				SWIFT_COMPILATION_MODE = wholemodule;
				SWIFT_OPTIMIZATION_LEVEL = "-O";
				VALIDATE_PRODUCT = YES;
			};
			name = Release;
		};
		3743551229B8C94200F6F6C9 /* Debug */ = {
			isa = XCBuildConfiguration;
			buildSettings = {
				ASSETCATALOG_COMPILER_APPICON_NAME = AppIcon;
				ASSETCATALOG_COMPILER_GLOBAL_ACCENT_COLOR_NAME = AccentColor;
				CODE_SIGN_STYLE = Automatic;
				CURRENT_PROJECT_VERSION = 1;
				GENERATE_INFOPLIST_FILE = YES;
				INFOPLIST_FILE = MessageController/Info.plist;
				INFOPLIST_KEY_UIApplicationSupportsIndirectInputEvents = YES;
				INFOPLIST_KEY_UILaunchStoryboardName = LaunchScreen;
				INFOPLIST_KEY_UIMainStoryboardFile = Main;
				INFOPLIST_KEY_UISupportedInterfaceOrientations_iPad = "UIInterfaceOrientationPortrait UIInterfaceOrientationPortraitUpsideDown UIInterfaceOrientationLandscapeLeft UIInterfaceOrientationLandscapeRight";
				INFOPLIST_KEY_UISupportedInterfaceOrientations_iPhone = "UIInterfaceOrientationPortrait UIInterfaceOrientationLandscapeLeft UIInterfaceOrientationLandscapeRight";
				LD_RUNPATH_SEARCH_PATHS = (
					"$(inherited)",
					"@executable_path/Frameworks",
				);
				MARKETING_VERSION = 1.0;
				PRODUCT_BUNDLE_IDENTIFIER = volodymyr.matiukh.MessageController;
				PRODUCT_NAME = "$(TARGET_NAME)";
				SWIFT_EMIT_LOC_STRINGS = YES;
				SWIFT_VERSION = 5.0;
				TARGETED_DEVICE_FAMILY = "1,2";
			};
			name = Debug;
		};
		3743551329B8C94200F6F6C9 /* Release */ = {
			isa = XCBuildConfiguration;
			buildSettings = {
				ASSETCATALOG_COMPILER_APPICON_NAME = AppIcon;
				ASSETCATALOG_COMPILER_GLOBAL_ACCENT_COLOR_NAME = AccentColor;
				CODE_SIGN_STYLE = Automatic;
				CURRENT_PROJECT_VERSION = 1;
				GENERATE_INFOPLIST_FILE = YES;
				INFOPLIST_FILE = MessageController/Info.plist;
				INFOPLIST_KEY_UIApplicationSupportsIndirectInputEvents = YES;
				INFOPLIST_KEY_UILaunchStoryboardName = LaunchScreen;
				INFOPLIST_KEY_UIMainStoryboardFile = Main;
				INFOPLIST_KEY_UISupportedInterfaceOrientations_iPad = "UIInterfaceOrientationPortrait UIInterfaceOrientationPortraitUpsideDown UIInterfaceOrientationLandscapeLeft UIInterfaceOrientationLandscapeRight";
				INFOPLIST_KEY_UISupportedInterfaceOrientations_iPhone = "UIInterfaceOrientationPortrait UIInterfaceOrientationLandscapeLeft UIInterfaceOrientationLandscapeRight";
				LD_RUNPATH_SEARCH_PATHS = (
					"$(inherited)",
					"@executable_path/Frameworks",
				);
				MARKETING_VERSION = 1.0;
				PRODUCT_BUNDLE_IDENTIFIER = volodymyr.matiukh.MessageController;
				PRODUCT_NAME = "$(TARGET_NAME)";
				SWIFT_EMIT_LOC_STRINGS = YES;
				SWIFT_VERSION = 5.0;
				TARGETED_DEVICE_FAMILY = "1,2";
			};
			name = Release;
		};
/* End XCBuildConfiguration section */

/* Begin XCConfigurationList section */
		374354F829B8C94100F6F6C9 /* Build configuration list for PBXProject "MessageController" */ = {
			isa = XCConfigurationList;
			buildConfigurations = (
				3743550F29B8C94200F6F6C9 /* Debug */,
				3743551029B8C94200F6F6C9 /* Release */,
			);
			defaultConfigurationIsVisible = 0;
			defaultConfigurationName = Release;
		};
		3743551129B8C94200F6F6C9 /* Build configuration list for PBXNativeTarget "MessageController" */ = {
			isa = XCConfigurationList;
			buildConfigurations = (
				3743551229B8C94200F6F6C9 /* Debug */,
				3743551329B8C94200F6F6C9 /* Release */,
			);
			defaultConfigurationIsVisible = 0;
			defaultConfigurationName = Release;
		};
/* End XCConfigurationList section */
	};
	rootObject = 374354F529B8C94100F6F6C9 /* Project object */;
}
